
Microsoft Visual Studio Solution File, Format Version 12.00
# Visual Studio Version 17
VisualStudioVersion = 17.0.31919.166
MinimumVisualStudioVersion = 10.0.40219.1
Project("{FAE04EC0-301F-11D3-BF4B-00C04F79EFBC}") = "ConsoleA", "ConsoleA\ConsoleA.csproj", "{F7D57D9E-E263-476F-9727-46D98DFB1ABD}"
EndProject
Global
	GlobalSection(SolutionConfigurationPlatforms) = preSolution
		Debug|Any CPU = Debug|Any CPU
		Release|Any CPU = Release|Any CPU
	EndGlobalSection
	GlobalSection(ProjectConfigurationPlatforms) = postSolution
		{F7D57D9E-E263-476F-9727-46D98DFB1ABD}.Debug|Any CPU.ActiveCfg = Debug|Any CPU
		{F7D57D9E-E263-476F-9727-46D98DFB1ABD}.Debug|Any CPU.Build.0 = Debug|Any CPU
		{F7D57D9E-E263-476F-9727-46D98DFB1ABD}.Release|Any CPU.ActiveCfg = Release|Any CPU
		{F7D57D9E-E263-476F-9727-46D98DFB1ABD}.Release|Any CPU.Build.0 = Release|Any CPU
	EndGlobalSection
	GlobalSection(SolutionProperties) = preSolution
		HideSolutionNode = FALSE
	EndGlobalSection
	GlobalSection(ExtensibilityGlobals) = postSolution
		SolutionGuid = {D8C7A977-B47D-427E-A3CF-B594981DB282}
	EndGlobalSection
EndGlobal
